
Microsoft Visual Studio Solution File, Format Version 12.00
# Visual Studio 15
VisualStudioVersion = 15.0.28010.2026
MinimumVisualStudioVersion = 10.0.40219.1
Project("{FAE04EC0-301F-11D3-BF4B-00C04F79EFBC}") = "ConsoleRssChecker", "ConsoleRssChecker\ConsoleRssChecker.csproj", "{D373009F-6A5D-4429-AF1E-6325F68DA5B9}"
EndProject
Project("{FAE04EC0-301F-11D3-BF4B-00C04F79EFBC}") = "ConsoleRssCheckerTest", "ConsoleRssCheckerTest\ConsoleRssCheckerTest.csproj", "{318140C3-33BB-4DAB-95F2-7A94BC1CCCCC}"
EndProject
Global
	GlobalSection(SolutionConfigurationPlatforms) = preSolution
		Debug|Any CPU = Debug|Any CPU
		Release|Any CPU = Release|Any CPU
	EndGlobalSection
	GlobalSection(ProjectConfigurationPlatforms) = postSolution
		{D373009F-6A5D-4429-AF1E-6325F68DA5B9}.Debug|Any CPU.ActiveCfg = Debug|Any CPU
		{D373009F-6A5D-4429-AF1E-6325F68DA5B9}.Debug|Any CPU.Build.0 = Debug|Any CPU
		{D373009F-6A5D-4429-AF1E-6325F68DA5B9}.Release|Any CPU.ActiveCfg = Release|Any CPU
		{D373009F-6A5D-4429-AF1E-6325F68DA5B9}.Release|Any CPU.Build.0 = Release|Any CPU
		{318140C3-33BB-4DAB-95F2-7A94BC1CCCCC}.Debug|Any CPU.ActiveCfg = Debug|Any CPU
		{318140C3-33BB-4DAB-95F2-7A94BC1CCCCC}.Debug|Any CPU.Build.0 = Debug|Any CPU
		{318140C3-33BB-4DAB-95F2-7A94BC1CCCCC}.Release|Any CPU.ActiveCfg = Release|Any CPU
		{318140C3-33BB-4DAB-95F2-7A94BC1CCCCC}.Release|Any CPU.Build.0 = Release|Any CPU
	EndGlobalSection
	GlobalSection(SolutionProperties) = preSolution
		HideSolutionNode = FALSE
	EndGlobalSection
	GlobalSection(ExtensibilityGlobals) = postSolution
		SolutionGuid = {D8ADB5FD-0E0A-4FD9-92B0-CDAFC7ABA487}
	EndGlobalSection
EndGlobal
